[{<<"epgsql">>,
  {git,"https://github.com/jlouis/epgsql.git",
       {ref,"19d09392f230fab80168b33fe9a3b88cd8611306"}},
  0},
 {<<"glicko2">>,
  {git,"https://github.com/jlouis/erl-glicko2.git",
       {ref,"e026dcf2504a5a8bf5ce3be123264af70452405d"}},
  0},
 {<<"goldrush">>,
  {git,"git://github.com/DeadZen/goldrush.git",
       {ref,"64864ba7fcf40988361340e48680b49a2c2938cf"}},
  1},
 {<<"gproc">>,
  {git,"https://github.com/uwiger/gproc.git",
       {ref,"2b1b9ac870416469097af695de413afd5e78f66c"}},
  0},
 {<<"hackney">>,
  {git,"https://github.com/benoitc/hackney.git",
       {ref,"b29a643c572bb83f8089bd57c373e7aaf1e86608"}},
  0},
 {<<"idna">>,{pkg,<<"idna">>,<<"1.0.2">>},1},
 {<<"jsx">>,
  {git,"https://github.com/talentdeficit/jsx.git",
       {ref,"2d8a7d07da511400475cfc5da649fda0c391f01d"}},
  0},
 {<<"lager">>,
  {git,"https://github.com/basho/lager.git",
       {ref,"cbf6679c6a693772fd1629c9cdc093e4c6c4ebf8"}},
  0},
 {<<"poolboy">>,
  {git,"https://github.com/devinus/poolboy.git",
       {ref,"3bb48a893ff5598f7c73731ac17545206d259fac"}},
  0},
 {<<"quickrand">>,
  {git,"https://github.com/okeuday/quickrand.git",
       {ref,"49aa03828233b2fec398ea4244a568aeac827dd8"}},
  1},
 {<<"safetyvalve">>,
  {git,"https://github.com/jlouis/safetyvalve.git",
       {ref,"ebb1e1feec8008f25ac10224f08ab727251cfdb3"}},
  0},
 {<<"ssl_verify_hostname">>,{pkg,<<"ssl_verify_hostname">>,<<"1.0.5">>},1},
 {<<"uuid">>,
  {git,"https://github.com/okeuday/uuid",
       {ref,"6bc38507460c821321d66504d3f8d6c1cdb57d98"}},
  0}].
